
Microsoft Visual Studio Solution File, Format Version 12.00
# Visual Studio 2012
Project("{FAE04EC0-301F-11D3-BF4B-00C04F79EFBC}") = "dmspl.datastorage", "dmspl.slqcon\dmspl.datastorage.csproj", "{95261AC4-1AE1-4892-8633-BA7F95B7A123}"
EndProject
Project("{FAE04EC0-301F-11D3-BF4B-00C04F79EFBC}") = "dmspl.gui", "dmspl.gui\dmspl.gui.csproj", "{449AB126-FDE4-467B-A39A-32E7540FE779}"
EndProject
Project("{FAE04EC0-301F-11D3-BF4B-00C04F79EFBC}") = "dmspl.common", "dmspl.common\dmspl.common.csproj", "{651DB95E-034A-4BC2-9E64-8A00E16A4697}"
EndProject
Project("{FAE04EC0-301F-11D3-BF4B-00C04F79EFBC}") = "dmspl.dataimporter", "dmspl.dataimport.excel\dmspl.dataimporter.csproj", "{A5877D67-3F90-41E0-8626-8AE3B6AA69D2}"
EndProject
Project("{FAE04EC0-301F-11D3-BF4B-00C04F79EFBC}") = "dmspl.dataprovider", "dmspl.dataprovider\dmspl.dataprovider.csproj", "{6DC4C268-BCB0-4BC8-BC56-D50E0766CA2A}"
EndProject
Project("{FAE04EC0-301F-11D3-BF4B-00C04F79EFBC}") = "UDP_RXTX", "UDP_RXTX\UDP_RXTX.csproj", "{7B486C20-ED14-4CBD-8A3A-25FBAB68633B}"
EndProject
Project("{FAE04EC0-301F-11D3-BF4B-00C04F79EFBC}") = "PLCSimUDP", "PLCSimUDP\PLCSimUDP.csproj", "{271AEC33-2A41-4843-8ECE-1A4ED23A693E}"
EndProject
Project("{FAE04EC0-301F-11D3-BF4B-00C04F79EFBC}") = "metrostylegui", "..\tryingmetroframework\metrostylegui\metrostylegui.csproj", "{2F98E048-F46E-4B1E-BFDA-CB784C1D7FC0}"
EndProject
Project("{FAE04EC0-301F-11D3-BF4B-00C04F79EFBC}") = "dmsSrvc", "dmsSrvc\dmsSrvc.csproj", "{502C11A8-C2D1-4833-81D0-974B30147429}"
EndProject
Global
	GlobalSection(SolutionConfigurationPlatforms) = preSolution
		Debug|Any CPU = Debug|Any CPU
		Debug|Mixed Platforms = Debug|Mixed Platforms
		Debug|x86 = Debug|x86
		Release|Any CPU = Release|Any CPU
		Release|Mixed Platforms = Release|Mixed Platforms
		Release|x86 = Release|x86
	EndGlobalSection
	GlobalSection(ProjectConfigurationPlatforms) = postSolution
		{95261AC4-1AE1-4892-8633-BA7F95B7A123}.Debug|Any CPU.ActiveCfg = Debug|Any CPU
		{95261AC4-1AE1-4892-8633-BA7F95B7A123}.Debug|Any CPU.Build.0 = Debug|Any CPU
		{95261AC4-1AE1-4892-8633-BA7F95B7A123}.Debug|Mixed Platforms.ActiveCfg = Debug|Any CPU
		{95261AC4-1AE1-4892-8633-BA7F95B7A123}.Debug|Mixed Platforms.Build.0 = Debug|Any CPU
		{95261AC4-1AE1-4892-8633-BA7F95B7A123}.Debug|x86.ActiveCfg = Debug|Any CPU
		{95261AC4-1AE1-4892-8633-BA7F95B7A123}.Release|Any CPU.ActiveCfg = Release|Any CPU
		{95261AC4-1AE1-4892-8633-BA7F95B7A123}.Release|Any CPU.Build.0 = Release|Any CPU
		{95261AC4-1AE1-4892-8633-BA7F95B7A123}.Release|Mixed Platforms.ActiveCfg = Release|Any CPU
		{95261AC4-1AE1-4892-8633-BA7F95B7A123}.Release|Mixed Platforms.Build.0 = Release|Any CPU
		{95261AC4-1AE1-4892-8633-BA7F95B7A123}.Release|x86.ActiveCfg = Release|Any CPU
		{449AB126-FDE4-467B-A39A-32E7540FE779}.Debug|Any CPU.ActiveCfg = Debug|Any CPU
		{449AB126-FDE4-467B-A39A-32E7540FE779}.Debug|Any CPU.Build.0 = Debug|Any CPU
		{449AB126-FDE4-467B-A39A-32E7540FE779}.Debug|Mixed Platforms.ActiveCfg = Debug|Any CPU
		{449AB126-FDE4-467B-A39A-32E7540FE779}.Debug|Mixed Platforms.Build.0 = Debug|Any CPU
		{449AB126-FDE4-467B-A39A-32E7540FE779}.Debug|x86.ActiveCfg = Debug|Any CPU
		{449AB126-FDE4-467B-A39A-32E7540FE779}.Release|Any CPU.ActiveCfg = Release|Any CPU
		{449AB126-FDE4-467B-A39A-32E7540FE779}.Release|Any CPU.Build.0 = Release|Any CPU
		{449AB126-FDE4-467B-A39A-32E7540FE779}.Release|Mixed Platforms.ActiveCfg = Release|Any CPU
		{449AB126-FDE4-467B-A39A-32E7540FE779}.Release|Mixed Platforms.Build.0 = Release|Any CPU
		{449AB126-FDE4-467B-A39A-32E7540FE779}.Release|x86.ActiveCfg = Release|Any CPU
		{651DB95E-034A-4BC2-9E64-8A00E16A4697}.Debug|Any CPU.ActiveCfg = Debug|Any CPU
		{651DB95E-034A-4BC2-9E64-8A00E16A4697}.Debug|Any CPU.Build.0 = Debug|Any CPU
		{651DB95E-034A-4BC2-9E64-8A00E16A4697}.Debug|Mixed Platforms.ActiveCfg = Debug|Any CPU
		{651DB95E-034A-4BC2-9E64-8A00E16A4697}.Debug|Mixed Platforms.Build.0 = Debug|Any CPU
		{651DB95E-034A-4BC2-9E64-8A00E16A4697}.Debug|x86.ActiveCfg = Debug|Any CPU
		{651DB95E-034A-4BC2-9E64-8A00E16A4697}.Release|Any CPU.ActiveCfg = Release|Any CPU
		{651DB95E-034A-4BC2-9E64-8A00E16A4697}.Release|Any CPU.Build.0 = Release|Any CPU
		{651DB95E-034A-4BC2-9E64-8A00E16A4697}.Release|Mixed Platforms.ActiveCfg = Release|Any CPU
		{651DB95E-034A-4BC2-9E64-8A00E16A4697}.Release|Mixed Platforms.Build.0 = Release|Any CPU
		{651DB95E-034A-4BC2-9E64-8A00E16A4697}.Release|x86.ActiveCfg = Release|Any CPU
		{A5877D67-3F90-41E0-8626-8AE3B6AA69D2}.Debug|Any CPU.ActiveCfg = Debug|Any CPU
		{A5877D67-3F90-41E0-8626-8AE3B6AA69D2}.Debug|Any CPU.Build.0 = Debug|Any CPU
		{A5877D67-3F90-41E0-8626-8AE3B6AA69D2}.Debug|Mixed Platforms.ActiveCfg = Debug|Any CPU
		{A5877D67-3F90-41E0-8626-8AE3B6AA69D2}.Debug|Mixed Platforms.Build.0 = Debug|Any CPU
		{A5877D67-3F90-41E0-8626-8AE3B6AA69D2}.Debug|x86.ActiveCfg = Debug|Any CPU
		{A5877D67-3F90-41E0-8626-8AE3B6AA69D2}.Release|Any CPU.ActiveCfg = Release|Any CPU
		{A5877D67-3F90-41E0-8626-8AE3B6AA69D2}.Release|Any CPU.Build.0 = Release|Any CPU
		{A5877D67-3F90-41E0-8626-8AE3B6AA69D2}.Release|Mixed Platforms.ActiveCfg = Release|Any CPU
		{A5877D67-3F90-41E0-8626-8AE3B6AA69D2}.Release|Mixed Platforms.Build.0 = Release|Any CPU
		{A5877D67-3F90-41E0-8626-8AE3B6AA69D2}.Release|x86.ActiveCfg = Release|Any CPU
		{6DC4C268-BCB0-4BC8-BC56-D50E0766CA2A}.Debug|Any CPU.ActiveCfg = Debug|Any CPU
		{6DC4C268-BCB0-4BC8-BC56-D50E0766CA2A}.Debug|Any CPU.Build.0 = Debug|Any CPU
		{6DC4C268-BCB0-4BC8-BC56-D50E0766CA2A}.Debug|Mixed Platforms.ActiveCfg = Debug|Any CPU
		{6DC4C268-BCB0-4BC8-BC56-D50E0766CA2A}.Debug|Mixed Platforms.Build.0 = Debug|Any CPU
		{6DC4C268-BCB0-4BC8-BC56-D50E0766CA2A}.Debug|x86.ActiveCfg = Debug|Any CPU
		{6DC4C268-BCB0-4BC8-BC56-D50E0766CA2A}.Release|Any CPU.ActiveCfg = Release|Any CPU
		{6DC4C268-BCB0-4BC8-BC56-D50E0766CA2A}.Release|Any CPU.Build.0 = Release|Any CPU
		{6DC4C268-BCB0-4BC8-BC56-D50E0766CA2A}.Release|Mixed Platforms.ActiveCfg = Release|Any CPU
		{6DC4C268-BCB0-4BC8-BC56-D50E0766CA2A}.Release|Mixed Platforms.Build.0 = Release|Any CPU
		{6DC4C268-BCB0-4BC8-BC56-D50E0766CA2A}.Release|x86.ActiveCfg = Release|Any CPU
		{7B486C20-ED14-4CBD-8A3A-25FBAB68633B}.Debug|Any CPU.ActiveCfg = Debug|Any CPU
		{7B486C20-ED14-4CBD-8A3A-25FBAB68633B}.Debug|Any CPU.Build.0 = Debug|Any CPU
		{7B486C20-ED14-4CBD-8A3A-25FBAB68633B}.Debug|Mixed Platforms.ActiveCfg = Debug|Any CPU
		{7B486C20-ED14-4CBD-8A3A-25FBAB68633B}.Debug|Mixed Platforms.Build.0 = Debug|Any CPU
		{7B486C20-ED14-4CBD-8A3A-25FBAB68633B}.Debug|x86.ActiveCfg = Debug|Any CPU
		{7B486C20-ED14-4CBD-8A3A-25FBAB68633B}.Release|Any CPU.ActiveCfg = Release|Any CPU
		{7B486C20-ED14-4CBD-8A3A-25FBAB68633B}.Release|Any CPU.Build.0 = Release|Any CPU
		{7B486C20-ED14-4CBD-8A3A-25FBAB68633B}.Release|Mixed Platforms.ActiveCfg = Release|Any CPU
		{7B486C20-ED14-4CBD-8A3A-25FBAB68633B}.Release|Mixed Platforms.Build.0 = Release|Any CPU
		{7B486C20-ED14-4CBD-8A3A-25FBAB68633B}.Release|x86.ActiveCfg = Release|Any CPU
		{271AEC33-2A41-4843-8ECE-1A4ED23A693E}.Debug|Any CPU.ActiveCfg = Debug|Any CPU
		{271AEC33-2A41-4843-8ECE-1A4ED23A693E}.Debug|Any CPU.Build.0 = Debug|Any CPU
		{271AEC33-2A41-4843-8ECE-1A4ED23A693E}.Debug|Mixed Platforms.ActiveCfg = Debug|Any CPU
		{271AEC33-2A41-4843-8ECE-1A4ED23A693E}.Debug|Mixed Platforms.Build.0 = Debug|Any CPU
		{271AEC33-2A41-4843-8ECE-1A4ED23A693E}.Debug|x86.ActiveCfg = Debug|Any CPU
		{271AEC33-2A41-4843-8ECE-1A4ED23A693E}.Release|Any CPU.ActiveCfg = Release|Any CPU
		{271AEC33-2A41-4843-8ECE-1A4ED23A693E}.Release|Any CPU.Build.0 = Release|Any CPU
		{271AEC33-2A41-4843-8ECE-1A4ED23A693E}.Release|Mixed Platforms.ActiveCfg = Release|Any CPU
		{271AEC33-2A41-4843-8ECE-1A4ED23A693E}.Release|Mixed Platforms.Build.0 = Release|Any CPU
		{271AEC33-2A41-4843-8ECE-1A4ED23A693E}.Release|x86.ActiveCfg = Release|Any CPU
		{2F98E048-F46E-4B1E-BFDA-CB784C1D7FC0}.Debug|Any CPU.ActiveCfg = Debug|Any CPU
		{2F98E048-F46E-4B1E-BFDA-CB784C1D7FC0}.Debug|Any CPU.Build.0 = Debug|Any CPU
		{2F98E048-F46E-4B1E-BFDA-CB784C1D7FC0}.Debug|Mixed Platforms.ActiveCfg = Debug|Any CPU
		{2F98E048-F46E-4B1E-BFDA-CB784C1D7FC0}.Debug|Mixed Platforms.Build.0 = Debug|Any CPU
		{2F98E048-F46E-4B1E-BFDA-CB784C1D7FC0}.Debug|x86.ActiveCfg = Debug|Any CPU
		{2F98E048-F46E-4B1E-BFDA-CB784C1D7FC0}.Release|Any CPU.ActiveCfg = Release|Any CPU
		{2F98E048-F46E-4B1E-BFDA-CB784C1D7FC0}.Release|Any CPU.Build.0 = Release|Any CPU
		{2F98E048-F46E-4B1E-BFDA-CB784C1D7FC0}.Release|Mixed Platforms.ActiveCfg = Release|Any CPU
		{2F98E048-F46E-4B1E-BFDA-CB784C1D7FC0}.Release|Mixed Platforms.Build.0 = Release|Any CPU
		{2F98E048-F46E-4B1E-BFDA-CB784C1D7FC0}.Release|x86.ActiveCfg = Release|Any CPU
		{502C11A8-C2D1-4833-81D0-974B30147429}.Debug|Any CPU.ActiveCfg = Debug|Any CPU
		{502C11A8-C2D1-4833-81D0-974B30147429}.Debug|Any CPU.Build.0 = Debug|Any CPU
		{502C11A8-C2D1-4833-81D0-974B30147429}.Debug|Mixed Platforms.ActiveCfg = Debug|Any CPU
		{502C11A8-C2D1-4833-81D0-974B30147429}.Debug|Mixed Platforms.Build.0 = Debug|Any CPU
		{502C11A8-C2D1-4833-81D0-974B30147429}.Debug|x86.ActiveCfg = Debug|Any CPU
		{502C11A8-C2D1-4833-81D0-974B30147429}.Release|Any CPU.ActiveCfg = Release|Any CPU
		{502C11A8-C2D1-4833-81D0-974B30147429}.Release|Any CPU.Build.0 = Release|Any CPU
		{502C11A8-C2D1-4833-81D0-974B30147429}.Release|Mixed Platforms.ActiveCfg = Release|Any CPU
		{502C11A8-C2D1-4833-81D0-974B30147429}.Release|Mixed Platforms.Build.0 = Release|Any CPU
		{502C11A8-C2D1-4833-81D0-974B30147429}.Release|x86.ActiveCfg = Release|Any CPU
	EndGlobalSection
	GlobalSection(SolutionProperties) = preSolution
		HideSolutionNode = FALSE
	EndGlobalSection
EndGlobal
